
Microsoft Visual Studio Solution File, Format Version 12.00
# Visual Studio 15
VisualStudioVersion = 15.0.28307.1800
MinimumVisualStudioVersion = 10.0.40219.1
Project("{8BC9CEB8-8B4A-11D0-8D11-00A0C91BC942}") = "SFML_GameDevelopmentByExample_First_App", "SFML_GameDevelopmentByExample_First_App\SFML_GameDevelopmentByExample_First_App.vcxproj", "{6ECECC17-8BE6-4AC4-88C7-AB3C624AAF4C}"
EndProject
Global
	GlobalSection(SolutionConfigurationPlatforms) = preSolution
		Debug|x64 = Debug|x64
		Debug|x86 = Debug|x86
		Release|x64 = Release|x64
		Release|x86 = Release|x86
	EndGlobalSection
	GlobalSection(ProjectConfigurationPlatforms) = postSolution
		{6ECECC17-8BE6-4AC4-88C7-AB3C624AAF4C}.Debug|x64.ActiveCfg = Debug|x64
		{6ECECC17-8BE6-4AC4-88C7-AB3C624AAF4C}.Debug|x64.Build.0 = Debug|x64
		{6ECECC17-8BE6-4AC4-88C7-AB3C624AAF4C}.Debug|x86.ActiveCfg = Debug|Win32
		{6ECECC17-8BE6-4AC4-88C7-AB3C624AAF4C}.Debug|x86.Build.0 = Debug|Win32
		{6ECECC17-8BE6-4AC4-88C7-AB3C624AAF4C}.Release|x64.ActiveCfg = Release|x64
		{6ECECC17-8BE6-4AC4-88C7-AB3C624AAF4C}.Release|x64.Build.0 = Release|x64
		{6ECECC17-8BE6-4AC4-88C7-AB3C624AAF4C}.Release|x86.ActiveCfg = Release|Win32
		{6ECECC17-8BE6-4AC4-88C7-AB3C624AAF4C}.Release|x86.Build.0 = Release|Win32
	EndGlobalSection
	GlobalSection(SolutionProperties) = preSolution
		HideSolutionNode = FALSE
	EndGlobalSection
	GlobalSection(ExtensibilityGlobals) = postSolution
		SolutionGuid = {FDA9D5DB-A8F4-496B-90A0-55A7DE6274A6}
	EndGlobalSection
EndGlobal
