<?xml version="1.0" encoding="utf-8"?>
<Project ToolsVersion="4.0" xmlns="http://schemas.microsoft.com/developer/msbuild/2003">
  <ItemGroup>
    <Filter Include="Source Files">
      <UniqueIdentifier>{4FC737F1-C7A5-4376-A066-2A32D752A2FF}</UniqueIdentifier>
      <Extensions>cpp;c;cc;cxx;def;odl;idl;hpj;bat;asm;asmx</Extensions>
    </Filter>
    <Filter Include="Header Files">
      <UniqueIdentifier>{93995380-89BD-4b04-88EB-625FBE52EBFB}</UniqueIdentifier>
      <Extensions>h;hh;hpp;hxx;hm;inl;inc;ipp;xsd</Extensions>
    </Filter>
    <Filter Include="Resource Files">
      <UniqueIdentifier>{67DA6AB6-F800-4c08-8B7A-83BB121AAD01}</UniqueIdentifier>
      <Extensions>rc;ico;cur;bmp;dlg;rc2;rct;bin;rgs;gif;jpg;jpeg;jpe;resx;tiff;tif;png;wav;mfcribbon-ms</Extensions>
    </Filter>
    <Filter Include="Source Files\Map">
      <UniqueIdentifier>{23afb124-723f-4465-8dfa-73b727767cd7}</UniqueIdentifier>
    </Filter>
    <Filter Include="Source Files\Entity">
      <UniqueIdentifier>{048b3204-622b-4a35-8353-1d6636fabda9}</UniqueIdentifier>
    </Filter>
    <Filter Include="Header Files\Entity">
      <UniqueIdentifier>{986b7168-0133-45c1-a2e5-e38edcd8143d}</UniqueIdentifier>
    </Filter>
    <Filter Include="Source Files\Entity\Character">
      <UniqueIdentifier>{ea0f27b2-f117-4401-8a95-53d2aec5b37c}</UniqueIdentifier>
    </Filter>
    <Filter Include="Source Files\Entity\Character\Player">
      <UniqueIdentifier>{eae4bb3b-f67a-4427-8a05-4d318b6d78b0}</UniqueIdentifier>
    </Filter>
    <Filter Include="Header Files\Entity\Character">
      <UniqueIdentifier>{487ac2b5-bef2-4de7-bc4c-aa4454e6800d}</UniqueIdentifier>
    </Filter>
    <Filter Include="Header Files\Entity\Character\Player">
      <UniqueIdentifier>{af9f771c-1d45-497c-8639-a6d89c9b7847}</UniqueIdentifier>
    </Filter>
    <Filter Include="Header Files\Entity\Character\Enemy">
      <UniqueIdentifier>{388c8540-77c4-4b2c-8152-2c2be51056f0}</UniqueIdentifier>
    </Filter>
    <Filter Include="Source Files\Entity\Character\Enemy">
      <UniqueIdentifier>{2638508b-19bc-45e6-ad80-9da4590c6c7d}</UniqueIdentifier>
    </Filter>
  </ItemGroup>
  <ItemGroup>
    <ClCompile Include="main.cpp">
      <Filter>Source Files</Filter>
    </ClCompile>
    <ClCompile Include="Window.cpp">
      <Filter>Source Files</Filter>
    </ClCompile>
    <ClCompile Include="Game.cpp">
      <Filter>Source Files</Filter>
    </ClCompile>
    <ClCompile Include="Snake.cpp">
      <Filter>Source Files</Filter>
    </ClCompile>
    <ClCompile Include="World.cpp">
      <Filter>Source Files</Filter>
    </ClCompile>
    <ClCompile Include="TextBox.cpp">
      <Filter>Source Files</Filter>
    </ClCompile>
    <ClCompile Include="EventManager.cpp">
      <Filter>Source Files</Filter>
    </ClCompile>
    <ClCompile Include="StateManager.cpp">
      <Filter>Source Files</Filter>
    </ClCompile>
    <ClCompile Include="State_Intro.cpp">
      <Filter>Source Files</Filter>
    </ClCompile>
    <ClCompile Include="State_MainMenu.cpp">
      <Filter>Source Files</Filter>
    </ClCompile>
    <ClCompile Include="State_Game.cpp">
      <Filter>Source Files</Filter>
    </ClCompile>
    <ClCompile Include="State_Paused.cpp">
      <Filter>Source Files</Filter>
    </ClCompile>
    <ClCompile Include="ResourceManager.cpp">
      <Filter>Source Files</Filter>
    </ClCompile>
    <ClCompile Include="TextureManager.cpp">
      <Filter>Source Files</Filter>
    </ClCompile>
    <ClCompile Include="SpriteSheet.cpp">
      <Filter>Source Files</Filter>
    </ClCompile>
    <ClCompile Include="Anim_Base.cpp">
      <Filter>Source Files</Filter>
    </ClCompile>
    <ClCompile Include="Anim_Directional.cpp">
      <Filter>Source Files</Filter>
    </ClCompile>
    <ClCompile Include="Map.cpp">
      <Filter>Source Files\Map</Filter>
    </ClCompile>
    <ClCompile Include="EntityBase.cpp">
      <Filter>Source Files\Entity</Filter>
    </ClCompile>
    <ClCompile Include="EntityManager.cpp">
      <Filter>Source Files\Entity</Filter>
    </ClCompile>
    <ClCompile Include="Character.cpp">
      <Filter>Source Files\Entity\Character</Filter>
    </ClCompile>
    <ClCompile Include="Player.cpp">
      <Filter>Source Files\Entity\Character\Player</Filter>
    </ClCompile>
    <ClCompile Include="Enemy.cpp">
      <Filter>Source Files\Entity\Character\Enemy</Filter>
    </ClCompile>
    <ClCompile Include="State_GameOver.cpp">
      <Filter>Source Files</Filter>
    </ClCompile>
  </ItemGroup>
  <ItemGroup>
    <ClInclude Include="Window.h">
      <Filter>Header Files</Filter>
    </ClInclude>
    <ClInclude Include="Game.h">
      <Filter>Header Files</Filter>
    </ClInclude>
    <ClInclude Include="Snake.h">
      <Filter>Header Files</Filter>
    </ClInclude>
    <ClInclude Include="World.h">
      <Filter>Header Files</Filter>
    </ClInclude>
    <ClInclude Include="TextBox.h">
      <Filter>Header Files</Filter>
    </ClInclude>
    <ClInclude Include="EventManager.h">
      <Filter>Header Files</Filter>
    </ClInclude>
    <ClInclude Include="BaseState.h">
      <Filter>Source Files</Filter>
    </ClInclude>
    <ClInclude Include="StateManager.h">
      <Filter>Header Files</Filter>
    </ClInclude>
    <ClInclude Include="SharedContext.h">
      <Filter>Source Files</Filter>
    </ClInclude>
    <ClInclude Include="State_Intro.h">
      <Filter>Header Files</Filter>
    </ClInclude>
    <ClInclude Include="State_MainMenu.h">
      <Filter>Header Files</Filter>
    </ClInclude>
    <ClInclude Include="State_Game.h">
      <Filter>Header Files</Filter>
    </ClInclude>
    <ClInclude Include="State_Paused.h">
      <Filter>Header Files</Filter>
    </ClInclude>
    <ClInclude Include="Utilities.h">
      <Filter>Header Files</Filter>
    </ClInclude>
    <ClInclude Include="ResourceManager.h">
      <Filter>Header Files</Filter>
    </ClInclude>
    <ClInclude Include="TextureManager.h">
      <Filter>Header Files</Filter>
    </ClInclude>
    <ClInclude Include="SpriteSheet.h">
      <Filter>Header Files</Filter>
    </ClInclude>
    <ClInclude Include="Directions.h">
      <Filter>Source Files</Filter>
    </ClInclude>
    <ClInclude Include="Anim_Base.h">
      <Filter>Header Files</Filter>
    </ClInclude>
    <ClInclude Include="Anim_Directional.h">
      <Filter>Header Files</Filter>
    </ClInclude>
    <ClInclude Include="Map.h">
      <Filter>Header Files</Filter>
    </ClInclude>
    <ClInclude Include="EntityManager.h">
      <Filter>Header Files\Entity</Filter>
    </ClInclude>
    <ClInclude Include="EntityBase.h">
      <Filter>Header Files\Entity</Filter>
    </ClInclude>
    <ClInclude Include="Character.h">
      <Filter>Header Files\Entity\Character</Filter>
    </ClInclude>
    <ClInclude Include="Player.h">
      <Filter>Header Files\Entity\Character\Player</Filter>
    </ClInclude>
    <ClInclude Include="Enemy.h">
      <Filter>Header Files\Entity\Character\Enemy</Filter>
    </ClInclude>
    <ClInclude Include="State_GameOver.h">
      <Filter>Header Files</Filter>
    </ClInclude>
  </ItemGroup>
</Project>